
Microsoft Visual Studio Solution File, Format Version 12.00
# Visual Studio Version 17
VisualStudioVersion = 17.4.33205.214
MinimumVisualStudioVersion = 10.0.40219.1
Project("{2150E333-8FDC-42A3-9474-1A3956D46DE8}") = "Services", "Services", "{51508916-AA2C-4FEC-A809-763B17409162}"
EndProject
Project("{2150E333-8FDC-42A3-9474-1A3956D46DE8}") = "Gateways", "Gateways", "{FA54D8E0-4057-48DD-9337-F288CC0E7922}"
EndProject
Project("{9A19103F-16F7-4668-BE54-9A1E7A4F7556}") = "Catalog.API", "Services\Catalog.API\Catalog.API.csproj", "{7F358C96-21B0-4AE3-9A81-92B5F526F513}"
EndProject
Project("{9A19103F-16F7-4668-BE54-9A1E7A4F7556}") = "Order.API", "Services\Order.API\Order.API.csproj", "{01D3B1F7-92D9-4E34-8BC3-0CBB2526DD71}"
EndProject
Project("{9A19103F-16F7-4668-BE54-9A1E7A4F7556}") = "Stock.API", "Services\Stock.API\Stock.API.csproj", "{3ABB32D6-4F34-45BC-99E9-D39C23992DC6}"
EndProject
Project("{E53339B2-1760-4266-BCC7-CA923CBCF16C}") = "docker-compose", "docker-compose.dcproj", "{474C02EE-1346-4DED-9DAF-8B34A2B232EE}"
EndProject
Project("{9A19103F-16F7-4668-BE54-9A1E7A4F7556}") = "Basket.API", "Services\Basket.API\Basket.API.csproj", "{B496ADA1-64F5-4F6C-80CD-D2EFD9F8FB94}"
EndProject
Project("{9A19103F-16F7-4668-BE54-9A1E7A4F7556}") = "OcelotGateway", "Gateways\OcelotGateway\OcelotGateway.csproj", "{5FA03EAF-4FFF-4803-9E9D-F287A0463D44}"
EndProject
Project("{9A19103F-16F7-4668-BE54-9A1E7A4F7556}") = "Product.Aggregator", "Gateways\Product.Aggregator\Product.Aggregator.csproj", "{D266E62E-0ACF-48F1-9F3F-1D1E2E1EF64D}"
EndProject
Project("{2150E333-8FDC-42A3-9474-1A3956D46DE8}") = "OrderService", "OrderService", "{BF6F5BF5-0322-4691-A6AF-6EC408F3A6A3}"
EndProject
Project("{9A19103F-16F7-4668-BE54-9A1E7A4F7556}") = "Order.Processor", "Services\Order.Processor\Order.Processor.csproj", "{B7949FFD-82B8-454D-A755-C44374F0CAFC}"
EndProject
Project("{9A19103F-16F7-4668-BE54-9A1E7A4F7556}") = "Order.Data", "Services\Order.Data\Order.Data.csproj", "{642A5CF7-EB05-4CA2-847D-372CA82A2B4E}"
EndProject
Global
	GlobalSection(SolutionConfigurationPlatforms) = preSolution
		Debug|Any CPU = Debug|Any CPU
		Release|Any CPU = Release|Any CPU
	EndGlobalSection
	GlobalSection(ProjectConfigurationPlatforms) = postSolution
		{7F358C96-21B0-4AE3-9A81-92B5F526F513}.Debug|Any CPU.ActiveCfg = Debug|Any CPU
		{7F358C96-21B0-4AE3-9A81-92B5F526F513}.Debug|Any CPU.Build.0 = Debug|Any CPU
		{7F358C96-21B0-4AE3-9A81-92B5F526F513}.Release|Any CPU.ActiveCfg = Release|Any CPU
		{7F358C96-21B0-4AE3-9A81-92B5F526F513}.Release|Any CPU.Build.0 = Release|Any CPU
		{01D3B1F7-92D9-4E34-8BC3-0CBB2526DD71}.Debug|Any CPU.ActiveCfg = Debug|Any CPU
		{01D3B1F7-92D9-4E34-8BC3-0CBB2526DD71}.Debug|Any CPU.Build.0 = Debug|Any CPU
		{01D3B1F7-92D9-4E34-8BC3-0CBB2526DD71}.Release|Any CPU.ActiveCfg = Release|Any CPU
		{01D3B1F7-92D9-4E34-8BC3-0CBB2526DD71}.Release|Any CPU.Build.0 = Release|Any CPU
		{3ABB32D6-4F34-45BC-99E9-D39C23992DC6}.Debug|Any CPU.ActiveCfg = Debug|Any CPU
		{3ABB32D6-4F34-45BC-99E9-D39C23992DC6}.Debug|Any CPU.Build.0 = Debug|Any CPU
		{3ABB32D6-4F34-45BC-99E9-D39C23992DC6}.Release|Any CPU.ActiveCfg = Release|Any CPU
		{3ABB32D6-4F34-45BC-99E9-D39C23992DC6}.Release|Any CPU.Build.0 = Release|Any CPU
		{474C02EE-1346-4DED-9DAF-8B34A2B232EE}.Debug|Any CPU.ActiveCfg = Debug|Any CPU
		{474C02EE-1346-4DED-9DAF-8B34A2B232EE}.Debug|Any CPU.Build.0 = Debug|Any CPU
		{474C02EE-1346-4DED-9DAF-8B34A2B232EE}.Release|Any CPU.ActiveCfg = Release|Any CPU
		{474C02EE-1346-4DED-9DAF-8B34A2B232EE}.Release|Any CPU.Build.0 = Release|Any CPU
		{B496ADA1-64F5-4F6C-80CD-D2EFD9F8FB94}.Debug|Any CPU.ActiveCfg = Debug|Any CPU
		{B496ADA1-64F5-4F6C-80CD-D2EFD9F8FB94}.Debug|Any CPU.Build.0 = Debug|Any CPU
		{B496ADA1-64F5-4F6C-80CD-D2EFD9F8FB94}.Release|Any CPU.ActiveCfg = Release|Any CPU
		{B496ADA1-64F5-4F6C-80CD-D2EFD9F8FB94}.Release|Any CPU.Build.0 = Release|Any CPU
		{5FA03EAF-4FFF-4803-9E9D-F287A0463D44}.Debug|Any CPU.ActiveCfg = Debug|Any CPU
		{5FA03EAF-4FFF-4803-9E9D-F287A0463D44}.Debug|Any CPU.Build.0 = Debug|Any CPU
		{5FA03EAF-4FFF-4803-9E9D-F287A0463D44}.Release|Any CPU.ActiveCfg = Release|Any CPU
		{5FA03EAF-4FFF-4803-9E9D-F287A0463D44}.Release|Any CPU.Build.0 = Release|Any CPU
		{D266E62E-0ACF-48F1-9F3F-1D1E2E1EF64D}.Debug|Any CPU.ActiveCfg = Debug|Any CPU
		{D266E62E-0ACF-48F1-9F3F-1D1E2E1EF64D}.Debug|Any CPU.Build.0 = Debug|Any CPU
		{D266E62E-0ACF-48F1-9F3F-1D1E2E1EF64D}.Release|Any CPU.ActiveCfg = Release|Any CPU
		{D266E62E-0ACF-48F1-9F3F-1D1E2E1EF64D}.Release|Any CPU.Build.0 = Release|Any CPU
		{B7949FFD-82B8-454D-A755-C44374F0CAFC}.Debug|Any CPU.ActiveCfg = Debug|Any CPU
		{B7949FFD-82B8-454D-A755-C44374F0CAFC}.Debug|Any CPU.Build.0 = Debug|Any CPU
		{B7949FFD-82B8-454D-A755-C44374F0CAFC}.Release|Any CPU.ActiveCfg = Release|Any CPU
		{B7949FFD-82B8-454D-A755-C44374F0CAFC}.Release|Any CPU.Build.0 = Release|Any CPU
		{642A5CF7-EB05-4CA2-847D-372CA82A2B4E}.Debug|Any CPU.ActiveCfg = Debug|Any CPU
		{642A5CF7-EB05-4CA2-847D-372CA82A2B4E}.Debug|Any CPU.Build.0 = Debug|Any CPU
		{642A5CF7-EB05-4CA2-847D-372CA82A2B4E}.Release|Any CPU.ActiveCfg = Release|Any CPU
		{642A5CF7-EB05-4CA2-847D-372CA82A2B4E}.Release|Any CPU.Build.0 = Release|Any CPU
	EndGlobalSection
	GlobalSection(SolutionProperties) = preSolution
		HideSolutionNode = FALSE
	EndGlobalSection
	GlobalSection(NestedProjects) = preSolution
		{7F358C96-21B0-4AE3-9A81-92B5F526F513} = {51508916-AA2C-4FEC-A809-763B17409162}
		{01D3B1F7-92D9-4E34-8BC3-0CBB2526DD71} = {BF6F5BF5-0322-4691-A6AF-6EC408F3A6A3}
		{3ABB32D6-4F34-45BC-99E9-D39C23992DC6} = {51508916-AA2C-4FEC-A809-763B17409162}
		{B496ADA1-64F5-4F6C-80CD-D2EFD9F8FB94} = {51508916-AA2C-4FEC-A809-763B17409162}
		{5FA03EAF-4FFF-4803-9E9D-F287A0463D44} = {FA54D8E0-4057-48DD-9337-F288CC0E7922}
		{D266E62E-0ACF-48F1-9F3F-1D1E2E1EF64D} = {FA54D8E0-4057-48DD-9337-F288CC0E7922}
		{BF6F5BF5-0322-4691-A6AF-6EC408F3A6A3} = {51508916-AA2C-4FEC-A809-763B17409162}
		{B7949FFD-82B8-454D-A755-C44374F0CAFC} = {BF6F5BF5-0322-4691-A6AF-6EC408F3A6A3}
		{642A5CF7-EB05-4CA2-847D-372CA82A2B4E} = {BF6F5BF5-0322-4691-A6AF-6EC408F3A6A3}
	EndGlobalSection
	GlobalSection(ExtensibilityGlobals) = postSolution
		SolutionGuid = {C7308A9D-4226-4EA5-96F3-558E571FA94A}
	EndGlobalSection
EndGlobal
